# This file is automatically @generated by Cargo.
# It is not intended for manual editing.
version = 3

[[package]]
name = "karakuri"
version = "0.0.0"
dependencies = [
 "kec",
 "kmath",
 "kutils",
]

[[package]]
name = "kec"
version = "0.1.0"

[[package]]
name = "kmath"
version = "0.1.0"

[[package]]
name = "kutils"
version = "0.1.0"
